{
  "name": "codigo",
  "version": "1.0.0",
  "lockfileVersion": 2,
  "requires": true,
  "packages": {
    "": {
      "name": "codigo",
      "version": "1.0.0",
      "license": "ISC",
      "dependencies": {
        "zodiac-sign": "^1.2.2"
      }
    },
    "node_modules/zodiac-sign": {
      "version": "1.2.2",
      "resolved": "https://registry.npmjs.org/zodiac-sign/-/zodiac-sign-1.2.2.tgz",
      "integrity": "sha512-wircTTXD/JD7Eq22yFKUuPGiFCxDKjDo0wHTux/HQM9wdpB1WnPSDtEVW16q79Be7B48FCu/Z6d7ltppN6LoSw=="
    }
  },
  "dependencies": {
    "zodiac-sign": {
      "version": "1.2.2",
      "resolved": "https://registry.npmjs.org/zodiac-sign/-/zodiac-sign-1.2.2.tgz",
      "integrity": "sha512-wircTTXD/JD7Eq22yFKUuPGiFCxDKjDo0wHTux/HQM9wdpB1WnPSDtEVW16q79Be7B48FCu/Z6d7ltppN6LoSw=="
    }
  }
}
